
Microsoft Visual Studio Solution File, Format Version 12.00
# Visual Studio 15
VisualStudioVersion = 15.0.27703.2042
MinimumVisualStudioVersion = 10.0.40219.1
Project("{FAE04EC0-301F-11D3-BF4B-00C04F79EFBC}") = "STS_Sat_Form", "STS_Sat_Form\STS_Sat_Form.csproj", "{7FF69D5B-BF95-4F5D-84DE-B76CC1923759}"
EndProject
Global
	GlobalSection(SolutionConfigurationPlatforms) = preSolution
		Debug|Any CPU = Debug|Any CPU
		Release|Any CPU = Release|Any CPU
	EndGlobalSection
	GlobalSection(ProjectConfigurationPlatforms) = postSolution
		{7FF69D5B-BF95-4F5D-84DE-B76CC1923759}.Debug|Any CPU.ActiveCfg = Debug|Any CPU
		{7FF69D5B-BF95-4F5D-84DE-B76CC1923759}.Debug|Any CPU.Build.0 = Debug|Any CPU
		{7FF69D5B-BF95-4F5D-84DE-B76CC1923759}.Release|Any CPU.ActiveCfg = Release|Any CPU
		{7FF69D5B-BF95-4F5D-84DE-B76CC1923759}.Release|Any CPU.Build.0 = Release|Any CPU
	EndGlobalSection
	GlobalSection(SolutionProperties) = preSolution
		HideSolutionNode = FALSE
	EndGlobalSection
	GlobalSection(ExtensibilityGlobals) = postSolution
		SolutionGuid = {2819D84A-4664-49D6-8242-51F24D4CE6C0}
	EndGlobalSection
EndGlobal
